// !$*UTF8*$!
{
	archiveVersion = 1;
	classes = {
	};
	objectVersion = 46;
	objects = {

/* Begin PBXBuildFile section */
		6EA998A2199A961500359D57 /* Card.m in Sources */ = {isa = PBXBuildFile; fileRef = 6EA998A1199A961500359D57 /* Card.m */; };
		6EC23633199179F1008D44F4 /* PlayingCard.m in Sources */ = {isa = PBXBuildFile; fileRef = 6EC23632199179F1008D44F4 /* PlayingCard.m */; };
		6EC2363619917A24008D44F4 /* Desk.m in Sources */ = {isa = PBXBuildFile; fileRef = 6EC2363519917A24008D44F4 /* Desk.m */; };
		6EC2363919917A4F008D44F4 /* PlayingCardDesk.m in Sources */ = {isa = PBXBuildFile; fileRef = 6EC2363819917A4F008D44F4 /* PlayingCardDesk.m */; };
		6ED469671921F03600346BE3 /* Foundation.framework in Frameworks */ = {isa = PBXBuildFile; fileRef = 6ED469661921F03600346BE3 /* Foundation.framework */; };
		6ED469691921F03600346BE3 /* CoreGraphics.framework in Frameworks */ = {isa = PBXBuildFile; fileRef = 6ED469681921F03600346BE3 /* CoreGraphics.framework */; };
		6ED4696B1921F03600346BE3 /* UIKit.framework in Frameworks */ = {isa = PBXBuildFile; fileRef = 6ED4696A1921F03600346BE3 /* UIKit.framework */; };
		6ED469711921F03600346BE3 /* InfoPlist.strings in Resources */ = {isa = PBXBuildFile; fileRef = 6ED4696F1921F03600346BE3 /* InfoPlist.strings */; };
		6ED469731921F03600346BE3 /* main.m in Sources */ = {isa = PBXBuildFile; fileRef = 6ED469721921F03600346BE3 /* main.m */; };
		6ED469771921F03600346BE3 /* hungAppDelegate.m in Sources */ = {isa = PBXBuildFile; fileRef = 6ED469761921F03600346BE3 /* hungAppDelegate.m */; };
		6ED4697A1921F03600346BE3 /* Main.storyboard in Resources */ = {isa = PBXBuildFile; fileRef = 6ED469781921F03600346BE3 /* Main.storyboard */; };
		6ED4697D1921F03600346BE3 /* hungViewController.m in Sources */ = {isa = PBXBuildFile; fileRef = 6ED4697C1921F03600346BE3 /* hungViewController.m */; };
		6ED4697F1921F03600346BE3 /* Images.xcassets in Resources */ = {isa = PBXBuildFile; fileRef = 6ED4697E1921F03600346BE3 /* Images.xcassets */; };
		6ED469861921F03600346BE3 /* XCTest.framework in Frameworks */ = {isa = PBXBuildFile; fileRef = 6ED469851921F03600346BE3 /* XCTest.framework */; };
		6ED469871921F03600346BE3 /* Foundation.framework in Frameworks */ = {isa = PBXBuildFile; fileRef = 6ED469661921F03600346BE3 /* Foundation.framework */; };
		6ED469881921F03600346BE3 /* UIKit.framework in Frameworks */ = {isa = PBXBuildFile; fileRef = 6ED4696A1921F03600346BE3 /* UIKit.framework */; };
		6ED469901921F03600346BE3 /* InfoPlist.strings in Resources */ = {isa = PBXBuildFile; fileRef = 6ED4698E1921F03600346BE3 /* InfoPlist.strings */; };
		6ED469921921F03600346BE3 /* ProjectTest1Tests.m in Sources */ = {isa = PBXBuildFile; fileRef = 6ED469911921F03600346BE3 /* ProjectTest1Tests.m */; };
/* End PBXBuildFile section */

/* Begin PBXContainerItemProxy section */
		6ED469891921F03600346BE3 /* PBXContainerItemProxy */ = {
			isa = PBXContainerItemProxy;
			containerPortal = 6ED4695B1921F03600346BE3 /* Project object */;
			proxyType = 1;
			remoteGlobalIDString = 6ED469621921F03600346BE3;
			remoteInfo = ProjectTest1;
		};
/* End PBXContainerItemProxy section */

/* Begin PBXFileReference section */
		6EA998A0199A961500359D57 /* Card.h */ = {isa = PBXFileReference; fileEncoding = 4; lastKnownFileType = sourcecode.c.h; path = Card.h; sourceTree = "<group>"; };
		6EA998A1199A961500359D57 /* Card.m */ = {isa = PBXFileReference; fileEncoding = 4; lastKnownFileType = sourcecode.c.objc; path = Card.m; sourceTree = "<group>"; };
		6EC23631199179F1008D44F4 /* PlayingCard.h */ = {isa = PBXFileReference; fileEncoding = 4; lastKnownFileType = sourcecode.c.h; name = PlayingCard.h; path = Model/PlayingCard.h; sourceTree = "<group>"; };
		6EC23632199179F1008D44F4 /* PlayingCard.m */ = {isa = PBXFileReference; fileEncoding = 4; lastKnownFileType = sourcecode.c.objc; name = PlayingCard.m; path = Model/PlayingCard.m; sourceTree = "<group>"; };
		6EC2363419917A24008D44F4 /* Desk.h */ = {isa = PBXFileReference; fileEncoding = 4; lastKnownFileType = sourcecode.c.h; name = Desk.h; path = Model/Desk.h; sourceTree = "<group>"; };
		6EC2363519917A24008D44F4 /* Desk.m */ = {isa = PBXFileReference; fileEncoding = 4; lastKnownFileType = sourcecode.c.objc; name = Desk.m; path = Model/Desk.m; sourceTree = "<group>"; };
		6EC2363719917A4F008D44F4 /* PlayingCardDesk.h */ = {isa = PBXFileReference; fileEncoding = 4; lastKnownFileType = sourcecode.c.h; name = PlayingCardDesk.h; path = Model/PlayingCardDesk.h; sourceTree = "<group>"; };
		6EC2363819917A4F008D44F4 /* PlayingCardDesk.m */ = {isa = PBXFileReference; fileEncoding = 4; lastKnownFileType = sourcecode.c.objc; name = PlayingCardDesk.m; path = Model/PlayingCardDesk.m; sourceTree = "<group>"; };
		6ED469631921F03600346BE3 /* ProjectTest1.app */ = {isa = PBXFileReference; explicitFileType = wrapper.application; includeInIndex = 0; path = ProjectTest1.app; sourceTree = BUILT_PRODUCTS_DIR; };
		6ED469661921F03600346BE3 /* Foundation.framework */ = {isa = PBXFileReference; lastKnownFileType = wrapper.framework; name = Foundation.framework; path = System/Library/Frameworks/Foundation.framework; sourceTree = SDKROOT; };
		6ED469681921F03600346BE3 /* CoreGraphics.framework */ = {isa = PBXFileReference; lastKnownFileType = wrapper.framework; name = CoreGraphics.framework; path = System/Library/Frameworks/CoreGraphics.framework; sourceTree = SDKROOT; };
		6ED4696A1921F03600346BE3 /* UIKit.framework */ = {isa = PBXFileReference; lastKnownFileType = wrapper.framework; name = UIKit.framework; path = System/Library/Frameworks/UIKit.framework; sourceTree = SDKROOT; };
		6ED4696E1921F03600346BE3 /* ProjectTest1-Info.plist */ = {isa = PBXFileReference; lastKnownFileType = text.plist.xml; path = "ProjectTest1-Info.plist"; sourceTree = "<group>"; };
		6ED469701921F03600346BE3 /* en */ = {isa = PBXFileReference; lastKnownFileType = text.plist.strings; name = en; path = en.lproj/InfoPlist.strings; sourceTree = "<group>"; };
		6ED469721921F03600346BE3 /* main.m */ = {isa = PBXFileReference; lastKnownFileType = sourcecode.c.objc; path = main.m; sourceTree = "<group>"; };
		6ED469741921F03600346BE3 /* ProjectTest1-Prefix.pch */ = {isa = PBXFileReference; lastKnownFileType = sourcecode.c.h; path = "ProjectTest1-Prefix.pch"; sourceTree = "<group>"; };
		6ED469751921F03600346BE3 /* hungAppDelegate.h */ = {isa = PBXFileReference; lastKnownFileType = sourcecode.c.h; path = hungAppDelegate.h; sourceTree = "<group>"; };
		6ED469761921F03600346BE3 /* hungAppDelegate.m */ = {isa = PBXFileReference; lastKnownFileType = sourcecode.c.objc; path = hungAppDelegate.m; sourceTree = "<group>"; };
		6ED469791921F03600346BE3 /* Base */ = {isa = PBXFileReference; lastKnownFileType = file.storyboard; name = Base; path = Base.lproj/Main.storyboard; sourceTree = "<group>"; };
		6ED4697B1921F03600346BE3 /* hungViewController.h */ = {isa = PBXFileReference; lastKnownFileType = sourcecode.c.h; path = hungViewController.h; sourceTree = "<group>"; };
		6ED4697C1921F03600346BE3 /* hungViewController.m */ = {isa = PBXFileReference; lastKnownFileType = sourcecode.c.objc; path = hungViewController.m; sourceTree = "<group>"; };
		6ED4697E1921F03600346BE3 /* Images.xcassets */ = {isa = PBXFileReference; lastKnownFileType = folder.assetcatalog; path = Images.xcassets; sourceTree = "<group>"; };
		6ED469841921F03600346BE3 /* ProjectTest1Tests.xctest */ = {isa = PBXFileReference; explicitFileType = wrapper.cfbundle; includeInIndex = 0; path = ProjectTest1Tests.xctest; sourceTree = BUILT_PRODUCTS_DIR; };
		6ED469851921F03600346BE3 /* XCTest.framework */ = {isa = PBXFileReference; lastKnownFileType = wrapper.framework; name = XCTest.framework; path = Library/Frameworks/XCTest.framework; sourceTree = DEVELOPER_DIR; };
		6ED4698D1921F03600346BE3 /* ProjectTest1Tests-Info.plist */ = {isa = PBXFileReference; lastKnownFileType = text.plist.xml; path = "ProjectTest1Tests-Info.plist"; sourceTree = "<group>"; };
		6ED4698F1921F03600346BE3 /* en */ = {isa = PBXFileReference; lastKnownFileType = text.plist.strings; name = en; path = en.lproj/InfoPlist.strings; sourceTree = "<group>"; };
		6ED469911921F03600346BE3 /* ProjectTest1Tests.m */ = {isa = PBXFileReference; lastKnownFileType = sourcecode.c.objc; path = ProjectTest1Tests.m; sourceTree = "<group>"; };
/* End PBXFileReference section */

/* Begin PBXFrameworksBuildPhase section */
		6ED469601921F03600346BE3 /* Frameworks */ = {
			isa = PBXFrameworksBuildPhase;
			buildActionMask = 2147483647;
			files = (
				6ED469691921F03600346BE3 /* CoreGraphics.framework in Frameworks */,
				6ED4696B1921F03600346BE3 /* UIKit.framework in Frameworks */,
				6ED469671921F03600346BE3 /* Foundation.framework in Frameworks */,
			);
			runOnlyForDeploymentPostprocessing = 0;
		};
		6ED469811921F03600346BE3 /* Frameworks */ = {
			isa = PBXFrameworksBuildPhase;
			buildActionMask = 2147483647;
			files = (
				6ED469861921F03600346BE3 /* XCTest.framework in Frameworks */,
				6ED469881921F03600346BE3 /* UIKit.framework in Frameworks */,
				6ED469871921F03600346BE3 /* Foundation.framework in Frameworks */,
			);
			runOnlyForDeploymentPostprocessing = 0;
		};
/* End PBXFrameworksBuildPhase section */

/* Begin PBXGroup section */
		6EC2363019917908008D44F4 /* Model */ = {
			isa = PBXGroup;
			children = (
				6EC23631199179F1008D44F4 /* PlayingCard.h */,
				6EC23632199179F1008D44F4 /* PlayingCard.m */,
				6EC2363419917A24008D44F4 /* Desk.h */,
				6EC2363519917A24008D44F4 /* Desk.m */,
				6EC2363719917A4F008D44F4 /* PlayingCardDesk.h */,
				6EC2363819917A4F008D44F4 /* PlayingCardDesk.m */,
				6EA998A0199A961500359D57 /* Card.h */,
				6EA998A1199A961500359D57 /* Card.m */,
			);
			name = Model;
			sourceTree = "<group>";
		};
		6ED4695A1921F03600346BE3 = {
			isa = PBXGroup;
			children = (
				6ED4696C1921F03600346BE3 /* ProjectTest1 */,
				6ED4698B1921F03600346BE3 /* ProjectTest1Tests */,
				6ED469651921F03600346BE3 /* Frameworks */,
				6ED469641921F03600346BE3 /* Products */,
			);
			sourceTree = "<group>";
		};
		6ED469641921F03600346BE3 /* Products */ = {
			isa = PBXGroup;
			children = (
				6ED469631921F03600346BE3 /* ProjectTest1.app */,
				6ED469841921F03600346BE3 /* ProjectTest1Tests.xctest */,
			);
			name = Products;
			sourceTree = "<group>";
		};
		6ED469651921F03600346BE3 /* Frameworks */ = {
			isa = PBXGroup;
			children = (
				6ED469661921F03600346BE3 /* Foundation.framework */,
				6ED469681921F03600346BE3 /* CoreGraphics.framework */,
				6ED4696A1921F03600346BE3 /* UIKit.framework */,
				6ED469851921F03600346BE3 /* XCTest.framework */,
			);
			name = Frameworks;
			sourceTree = "<group>";
		};
		6ED4696C1921F03600346BE3 /* ProjectTest1 */ = {
			isa = PBXGroup;
			children = (
				6ED469781921F03600346BE3 /* Main.storyboard */,
				6ED4697B1921F03600346BE3 /* hungViewController.h */,
				6ED4697C1921F03600346BE3 /* hungViewController.m */,
				6EC2363019917908008D44F4 /* Model */,
				6ED4697E1921F03600346BE3 /* Images.xcassets */,
				6ED4696D1921F03600346BE3 /* Supporting Files */,
			);
			path = ProjectTest1;
			sourceTree = "<group>";
		};
		6ED4696D1921F03600346BE3 /* Supporting Files */ = {
			isa = PBXGroup;
			children = (
				6ED469751921F03600346BE3 /* hungAppDelegate.h */,
				6ED469761921F03600346BE3 /* hungAppDelegate.m */,
				6ED4696E1921F03600346BE3 /* ProjectTest1-Info.plist */,
				6ED4696F1921F03600346BE3 /* InfoPlist.strings */,
				6ED469721921F03600346BE3 /* main.m */,
				6ED469741921F03600346BE3 /* ProjectTest1-Prefix.pch */,
			);
			name = "Supporting Files";
			sourceTree = "<group>";
		};
		6ED4698B1921F03600346BE3 /* ProjectTest1Tests */ = {
			isa = PBXGroup;
			children = (
				6ED469911921F03600346BE3 /* ProjectTest1Tests.m */,
				6ED4698C1921F03600346BE3 /* Supporting Files */,
			);
			path = ProjectTest1Tests;
			sourceTree = "<group>";
		};
		6ED4698C1921F03600346BE3 /* Supporting Files */ = {
			isa = PBXGroup;
			children = (
				6ED4698D1921F03600346BE3 /* ProjectTest1Tests-Info.plist */,
				6ED4698E1921F03600346BE3 /* InfoPlist.strings */,
			);
			name = "Supporting Files";
			sourceTree = "<group>";
		};
/* End PBXGroup section */

/* Begin PBXNativeTarget section */
		6ED469621921F03600346BE3 /* ProjectTest1 */ = {
			isa = PBXNativeTarget;
			buildConfigurationList = 6ED469951921F03600346BE3 /* Build configuration list for PBXNativeTarget "ProjectTest1" */;
			buildPhases = (
				6ED4695F1921F03600346BE3 /* Sources */,
				6ED469601921F03600346BE3 /* Frameworks */,
				6ED469611921F03600346BE3 /* Resources */,
			);
			buildRules = (
			);
			dependencies = (
			);
			name = ProjectTest1;
			productName = ProjectTest1;
			productReference = 6ED469631921F03600346BE3 /* ProjectTest1.app */;
			productType = "com.apple.product-type.application";
		};
		6ED469831921F03600346BE3 /* ProjectTest1Tests */ = {
			isa = PBXNativeTarget;
			buildConfigurationList = 6ED469981921F03600346BE3 /* Build configuration list for PBXNativeTarget "ProjectTest1Tests" */;
			buildPhases = (
				6ED469801921F03600346BE3 /* Sources */,
				6ED469811921F03600346BE3 /* Frameworks */,
				6ED469821921F03600346BE3 /* Resources */,
			);
			buildRules = (
			);
			dependencies = (
				6ED4698A1921F03600346BE3 /* PBXTargetDependency */,
			);
			name = ProjectTest1Tests;
			productName = ProjectTest1Tests;
			productReference = 6ED469841921F03600346BE3 /* ProjectTest1Tests.xctest */;
			productType = "com.apple.product-type.bundle.unit-test";
		};
/* End PBXNativeTarget section */

/* Begin PBXProject section */
		6ED4695B1921F03600346BE3 /* Project object */ = {
			isa = PBXProject;
			attributes = {
				CLASSPREFIX = hung;
				LastUpgradeCheck = 0510;
				ORGANIZATIONNAME = phamvanhung;
				TargetAttributes = {
					6ED469621921F03600346BE3 = {
						DevelopmentTeam = VVTP26G4SA;
					};
					6ED469831921F03600346BE3 = {
						TestTargetID = 6ED469621921F03600346BE3;
					};
				};
			};
			buildConfigurationList = 6ED4695E1921F03600346BE3 /* Build configuration list for PBXProject "ProjectTest1" */;
			compatibilityVersion = "Xcode 3.2";
			developmentRegion = English;
			hasScannedForEncodings = 0;
			knownRegions = (
				en,
				Base,
			);
			mainGroup = 6ED4695A1921F03600346BE3;
			productRefGroup = 6ED469641921F03600346BE3 /* Products */;
			projectDirPath = "";
			projectRoot = "";
			targets = (
				6ED469621921F03600346BE3 /* ProjectTest1 */,
				6ED469831921F03600346BE3 /* ProjectTest1Tests */,
			);
		};
/* End PBXProject section */

/* Begin PBXResourcesBuildPhase section */
		6ED469611921F03600346BE3 /* Resources */ = {
			isa = PBXResourcesBuildPhase;
			buildActionMask = 2147483647;
			files = (
				6ED4697F1921F03600346BE3 /* Images.xcassets in Resources */,
				6ED469711921F03600346BE3 /* InfoPlist.strings in Resources */,
				6ED4697A1921F03600346BE3 /* Main.storyboard in Resources */,
			);
			runOnlyForDeploymentPostprocessing = 0;
		};
		6ED469821921F03600346BE3 /* Resources */ = {
			isa = PBXResourcesBuildPhase;
			buildActionMask = 2147483647;
			files = (
				6ED469901921F03600346BE3 /* InfoPlist.strings in Resources */,
			);
			runOnlyForDeploymentPostprocessing = 0;
		};
/* End PBXResourcesBuildPhase section */

/* Begin PBXSourcesBuildPhase section */
		6ED4695F1921F03600346BE3 /* Sources */ = {
			isa = PBXSourcesBuildPhase;
			buildActionMask = 2147483647;
			files = (
				6ED4697D1921F03600346BE3 /* hungViewController.m in Sources */,
				6EC2363919917A4F008D44F4 /* PlayingCardDesk.m in Sources */,
				6ED469771921F03600346BE3 /* hungAppDelegate.m in Sources */,
				6EC2363619917A24008D44F4 /* Desk.m in Sources */,
				6ED469731921F03600346BE3 /* main.m in Sources */,
				6EA998A2199A961500359D57 /* Card.m in Sources */,
				6EC23633199179F1008D44F4 /* PlayingCard.m in Sources */,
			);
			runOnlyForDeploymentPostprocessing = 0;
		};
		6ED469801921F03600346BE3 /* Sources */ = {
			isa = PBXSourcesBuildPhase;
			buildActionMask = 2147483647;
			files = (
				6ED469921921F03600346BE3 /* ProjectTest1Tests.m in Sources */,
			);
			runOnlyForDeploymentPostprocessing = 0;
		};
/* End PBXSourcesBuildPhase section */

/* Begin PBXTargetDependency section */
		6ED4698A1921F03600346BE3 /* PBXTargetDependency */ = {
			isa = PBXTargetDependency;
			target = 6ED469621921F03600346BE3 /* ProjectTest1 */;
			targetProxy = 6ED469891921F03600346BE3 /* PBXContainerItemProxy */;
		};
/* End PBXTargetDependency section */

/* Begin PBXVariantGroup section */
		6ED4696F1921F03600346BE3 /* InfoPlist.strings */ = {
			isa = PBXVariantGroup;
			children = (
				6ED469701921F03600346BE3 /* en */,
			);
			name = InfoPlist.strings;
			sourceTree = "<group>";
		};
		6ED469781921F03600346BE3 /* Main.storyboard */ = {
			isa = PBXVariantGroup;
			children = (
				6ED469791921F03600346BE3 /* Base */,
			);
			name = Main.storyboard;
			sourceTree = "<group>";
		};
		6ED4698E1921F03600346BE3 /* InfoPlist.strings */ = {
			isa = PBXVariantGroup;
			children = (
				6ED4698F1921F03600346BE3 /* en */,
			);
			name = InfoPlist.strings;
			sourceTree = "<group>";
		};
/* End PBXVariantGroup section */

/* Begin XCBuildConfiguration section */
		6ED469931921F03600346BE3 /* Debug */ = {
			isa = XCBuildConfiguration;
			buildSettings = {
				ALWAYS_SEARCH_USER_PATHS = NO;
				CLANG_CXX_LANGUAGE_STANDARD = "gnu++0x";
				CLANG_CXX_LIBRARY = "libc++";
				CLANG_ENABLE_MODULES = YES;
				CLANG_ENABLE_OBJC_ARC = YES;
				CLANG_WARN_BOOL_CONVERSION = YES;
				CLANG_WARN_CONSTANT_CONVERSION = YES;
				CLANG_WARN_DIRECT_OBJC_ISA_USAGE = YES_ERROR;
				CLANG_WARN_EMPTY_BODY = YES;
				CLANG_WARN_ENUM_CONVERSION = YES;
				CLANG_WARN_INT_CONVERSION = YES;
				CLANG_WARN_OBJC_ROOT_CLASS = YES_ERROR;
				CLANG_WARN__DUPLICATE_METHOD_MATCH = YES;
				"CODE_SIGN_IDENTITY[sdk=iphoneos*]" = "iPhone Developer";
				COPY_PHASE_STRIP = NO;
				GCC_C_LANGUAGE_STANDARD = gnu99;
				GCC_DYNAMIC_NO_PIC = NO;
				GCC_OPTIMIZATION_LEVEL = 0;
				GCC_PREPROCESSOR_DEFINITIONS = (
					"DEBUG=1",
					"$(inherited)",
				);
				GCC_SYMBOLS_PRIVATE_EXTERN = NO;
				GCC_WARN_64_TO_32_BIT_CONVERSION = YES;
				GCC_WARN_ABOUT_RETURN_TYPE = YES_ERROR;
				GCC_WARN_UNDECLARED_SELECTOR = YES;
				GCC_WARN_UNINITIALIZED_AUTOS = YES_AGGRESSIVE;
				GCC_WARN_UNUSED_FUNCTION = YES;
				GCC_WARN_UNUSED_VARIABLE = YES;
				IPHONEOS_DEPLOYMENT_TARGET = 7.1;
				ONLY_ACTIVE_ARCH = YES;
				SDKROOT = iphoneos;
			};
			name = Debug;
		};
		6ED469941921F03600346BE3 /* Release */ = {
			isa = XCBuildConfiguration;
			buildSettings = {
				ALWAYS_SEARCH_USER_PATHS = NO;
				CLANG_CXX_LANGUAGE_STANDARD = "gnu++0x";
				CLANG_CXX_LIBRARY = "libc++";
				CLANG_ENABLE_MODULES = YES;
				CLANG_ENABLE_OBJC_ARC = YES;
				CLANG_WARN_BOOL_CONVERSION = YES;
				CLANG_WARN_CONSTANT_CONVERSION = YES;
				CLANG_WARN_DIRECT_OBJC_ISA_USAGE = YES_ERROR;
				CLANG_WARN_EMPTY_BODY = YES;
				CLANG_WARN_ENUM_CONVERSION = YES;
				CLANG_WARN_INT_CONVERSION = YES;
				CLANG_WARN_OBJC_ROOT_CLASS = YES_ERROR;
				CLANG_WARN__DUPLICATE_METHOD_MATCH = YES;
				"CODE_SIGN_IDENTITY[sdk=iphoneos*]" = "iPhone Developer";
				COPY_PHASE_STRIP = YES;
				ENABLE_NS_ASSERTIONS = NO;
				GCC_C_LANGUAGE_STANDARD = gnu99;
				GCC_WARN_64_TO_32_BIT_CONVERSION = YES;
				GCC_WARN_ABOUT_RETURN_TYPE = YES_ERROR;
				GCC_WARN_UNDECLARED_SELECTOR = YES;
				GCC_WARN_UNINITIALIZED_AUTOS = YES_AGGRESSIVE;
				GCC_WARN_UNUSED_FUNCTION = YES;
				GCC_WARN_UNUSED_VARIABLE = YES;
				IPHONEOS_DEPLOYMENT_TARGET = 7.1;
				SDKROOT = iphoneos;
				VALIDATE_PRODUCT = YES;
			};
			name = Release;
		};
		6ED469961921F03600346BE3 /* Debug */ = {
			isa = XCBuildConfiguration;
			buildSettings = {
				ASSETCATALOG_COMPILER_APPICON_NAME = AppIcon;
				ASSETCATALOG_COMPILER_LAUNCHIMAGE_NAME = LaunchImage;
				CODE_SIGN_IDENTITY = "iPhone Developer";
				"CODE_SIGN_IDENTITY[sdk=iphoneos*]" = "iPhone Developer";
				GCC_PRECOMPILE_PREFIX_HEADER = YES;
				GCC_PREFIX_HEADER = "ProjectTest1/ProjectTest1-Prefix.pch";
				INFOPLIST_FILE = "ProjectTest1/ProjectTest1-Info.plist";
				PRODUCT_NAME = "$(TARGET_NAME)";
				PROVISIONING_PROFILE = "";
				WRAPPER_EXTENSION = app;
			};
			name = Debug;
		};
		6ED469971921F03600346BE3 /* Release */ = {
			isa = XCBuildConfiguration;
			buildSettings = {
				ASSETCATALOG_COMPILER_APPICON_NAME = AppIcon;
				ASSETCATALOG_COMPILER_LAUNCHIMAGE_NAME = LaunchImage;
				CODE_SIGN_IDENTITY = "iPhone Developer";
				"CODE_SIGN_IDENTITY[sdk=iphoneos*]" = "iPhone Developer";
				GCC_PRECOMPILE_PREFIX_HEADER = YES;
				GCC_PREFIX_HEADER = "ProjectTest1/ProjectTest1-Prefix.pch";
				INFOPLIST_FILE = "ProjectTest1/ProjectTest1-Info.plist";
				PRODUCT_NAME = "$(TARGET_NAME)";
				PROVISIONING_PROFILE = "";
				WRAPPER_EXTENSION = app;
			};
			name = Release;
		};
		6ED469991921F03600346BE3 /* Debug */ = {
			isa = XCBuildConfiguration;
			buildSettings = {
				BUNDLE_LOADER = "$(BUILT_PRODUCTS_DIR)/ProjectTest1.app/ProjectTest1";
				FRAMEWORK_SEARCH_PATHS = (
					"$(SDKROOT)/Developer/Library/Frameworks",
					"$(inherited)",
					"$(DEVELOPER_FRAMEWORKS_DIR)",
				);
				GCC_PRECOMPILE_PREFIX_HEADER = YES;
				GCC_PREFIX_HEADER = "ProjectTest1/ProjectTest1-Prefix.pch";
				GCC_PREPROCESSOR_DEFINITIONS = (
					"DEBUG=1",
					"$(inherited)",
				);
				INFOPLIST_FILE = "ProjectTest1Tests/ProjectTest1Tests-Info.plist";
				PRODUCT_NAME = "$(TARGET_NAME)";
				TEST_HOST = "$(BUNDLE_LOADER)";
				WRAPPER_EXTENSION = xctest;
			};
			name = Debug;
		};
		6ED4699A1921F03600346BE3 /* Release */ = {
			isa = XCBuildConfiguration;
			buildSettings = {
				BUNDLE_LOADER = "$(BUILT_PRODUCTS_DIR)/ProjectTest1.app/ProjectTest1";
				FRAMEWORK_SEARCH_PATHS = (
					"$(SDKROOT)/Developer/Library/Frameworks",
					"$(inherited)",
					"$(DEVELOPER_FRAMEWORKS_DIR)",
				);
				GCC_PRECOMPILE_PREFIX_HEADER = YES;
				GCC_PREFIX_HEADER = "ProjectTest1/ProjectTest1-Prefix.pch";
				INFOPLIST_FILE = "ProjectTest1Tests/ProjectTest1Tests-Info.plist";
				PRODUCT_NAME = "$(TARGET_NAME)";
				TEST_HOST = "$(BUNDLE_LOADER)";
				WRAPPER_EXTENSION = xctest;
			};
			name = Release;
		};
/* End XCBuildConfiguration section */

/* Begin XCConfigurationList section */
		6ED4695E1921F03600346BE3 /* Build configuration list for PBXProject "ProjectTest1" */ = {
			isa = XCConfigurationList;
			buildConfigurations = (
				6ED469931921F03600346BE3 /* Debug */,
				6ED469941921F03600346BE3 /* Release */,
			);
			defaultConfigurationIsVisible = 0;
			defaultConfigurationName = Release;
		};
		6ED469951921F03600346BE3 /* Build configuration list for PBXNativeTarget "ProjectTest1" */ = {
			isa = XCConfigurationList;
			buildConfigurations = (
				6ED469961921F03600346BE3 /* Debug */,
				6ED469971921F03600346BE3 /* Release */,
			);
			defaultConfigurationIsVisible = 0;
			defaultConfigurationName = Release;
		};
		6ED469981921F03600346BE3 /* Build configuration list for PBXNativeTarget "ProjectTest1Tests" */ = {
			isa = XCConfigurationList;
			buildConfigurations = (
				6ED469991921F03600346BE3 /* Debug */,
				6ED4699A1921F03600346BE3 /* Release */,
			);
			defaultConfigurationIsVisible = 0;
			defaultConfigurationName = Release;
		};
/* End XCConfigurationList section */
	};
	rootObject = 6ED4695B1921F03600346BE3 /* Project object */;
}
